
Microsoft Visual Studio Solution File, Format Version 12.00
# Visual Studio Version 17
VisualStudioVersion = 17.11.35327.3
MinimumVisualStudioVersion = 10.0.40219.1
Project("{FAE04EC0-301F-11D3-BF4B-00C04F79EFBC}") = "F1", "F1\F1.csproj", "{2604E2DD-CAC9-45F4-8784-E9A4589918DB}"
EndProject
Project("{2150E333-8FDC-42A3-9474-1A3956D46DE8}") = "Elementos de la solución", "Elementos de la solución", "{905045B2-0997-4391-B0F9-1BDE574C616C}"
	ProjectSection(SolutionItems) = preProject
		CLScuenta.cs = CLScuenta.cs
		CLScuentaJR.cs = CLScuentaJR.cs
		ClsFree.cs = ClsFree.cs
	EndProjectSection
EndProject
Global
	GlobalSection(SolutionConfigurationPlatforms) = preSolution
		Debug|Any CPU = Debug|Any CPU
		Release|Any CPU = Release|Any CPU
	EndGlobalSection
	GlobalSection(ProjectConfigurationPlatforms) = postSolution
		{2604E2DD-CAC9-45F4-8784-E9A4589918DB}.Debug|Any CPU.ActiveCfg = Debug|Any CPU
		{2604E2DD-CAC9-45F4-8784-E9A4589918DB}.Debug|Any CPU.Build.0 = Debug|Any CPU
		{2604E2DD-CAC9-45F4-8784-E9A4589918DB}.Release|Any CPU.ActiveCfg = Release|Any CPU
		{2604E2DD-CAC9-45F4-8784-E9A4589918DB}.Release|Any CPU.Build.0 = Release|Any CPU
	EndGlobalSection
	GlobalSection(SolutionProperties) = preSolution
		HideSolutionNode = FALSE
	EndGlobalSection
	GlobalSection(ExtensibilityGlobals) = postSolution
		SolutionGuid = {587A8524-6BF4-4287-962E-F6638C4D4742}
	EndGlobalSection
EndGlobal
